
Microsoft Visual Studio Solution File, Format Version 12.00
# Visual Studio 15
VisualStudioVersion = 15.0.26730.8
MinimumVisualStudioVersion = 10.0.40219.1
Project("{FAE04EC0-301F-11D3-BF4B-00C04F79EFBC}") = "WinRex", "WinRex\WinRex.csproj", "{A8874886-DFDA-41B7-9CDA-3926280DB08C}"
EndProject
Global
	GlobalSection(SolutionConfigurationPlatforms) = preSolution
		Debug|Any CPU = Debug|Any CPU
		Release|Any CPU = Release|Any CPU
	EndGlobalSection
	GlobalSection(ProjectConfigurationPlatforms) = postSolution
		{A8874886-DFDA-41B7-9CDA-3926280DB08C}.Debug|Any CPU.ActiveCfg = Debug|Any CPU
		{A8874886-DFDA-41B7-9CDA-3926280DB08C}.Debug|Any CPU.Build.0 = Debug|Any CPU
		{A8874886-DFDA-41B7-9CDA-3926280DB08C}.Release|Any CPU.ActiveCfg = Release|Any CPU
		{A8874886-DFDA-41B7-9CDA-3926280DB08C}.Release|Any CPU.Build.0 = Release|Any CPU
	EndGlobalSection
	GlobalSection(SolutionProperties) = preSolution
		HideSolutionNode = FALSE
	EndGlobalSection
	GlobalSection(ExtensibilityGlobals) = postSolution
		SolutionGuid = {07A51D5D-FA45-439A-8D44-C1DD14CC05D0}
	EndGlobalSection
EndGlobal
